
Microsoft Visual Studio Solution File, Format Version 12.00
# Visual Studio Version 16
VisualStudioVersion = 16.0.29709.97
MinimumVisualStudioVersion = 10.0.40219.1
Project("{FAE04EC0-301F-11D3-BF4B-00C04F79EFBC}") = "SpinnyDownloads", "SpinnyDownloads\SpinnyDownloads.csproj", "{CB762E93-5FE1-4EEE-BA62-6DD5B7D23274}"
EndProject
Global
	GlobalSection(SolutionConfigurationPlatforms) = preSolution
		Debug|Any CPU = Debug|Any CPU
		Release|Any CPU = Release|Any CPU
	EndGlobalSection
	GlobalSection(ProjectConfigurationPlatforms) = postSolution
		{CB762E93-5FE1-4EEE-BA62-6DD5B7D23274}.Debug|Any CPU.ActiveCfg = Debug|Any CPU
		{CB762E93-5FE1-4EEE-BA62-6DD5B7D23274}.Debug|Any CPU.Build.0 = Debug|Any CPU
		{CB762E93-5FE1-4EEE-BA62-6DD5B7D23274}.Release|Any CPU.ActiveCfg = Release|Any CPU
		{CB762E93-5FE1-4EEE-BA62-6DD5B7D23274}.Release|Any CPU.Build.0 = Release|Any CPU
	EndGlobalSection
	GlobalSection(SolutionProperties) = preSolution
		HideSolutionNode = FALSE
	EndGlobalSection
	GlobalSection(ExtensibilityGlobals) = postSolution
		SolutionGuid = {1E19DEAD-983B-4C33-89BA-09038D015B27}
	EndGlobalSection
EndGlobal
